// !$*UTF8*$!
{
	archiveVersion = 1;
	classes = {
	};
	objectVersion = 77;
	objects = {

/* Begin PBXBuildFile section */
		62DB75293050FD760050D816 /* LaciMoney in Frameworks */ = {isa = PBXBuildFile; productRef = 62DB75283050FD760050D816 /* LaciMoney */; };
		62DB752B3050FD7C0050D816 /* LaciPrint in Frameworks */ = {isa = PBXBuildFile; productRef = 62DB752A3050FD7C0050D816 /* LaciPrint */; };
		62DB752D3050FD800050D816 /* LaciCore in Frameworks */ = {isa = PBXBuildFile; productRef = 62DB752C3050FD800050D816 /* LaciCore */; };
/* End PBXBuildFile section */

/* Begin PBXContainerItemProxy section */
		62DB74D93050906A0050D816 /* PBXContainerItemProxy */ = {
			isa = PBXContainerItemProxy;
			containerPortal = 62DB74C3305090680050D816 /* Project object */;
			proxyType = 1;
			remoteGlobalIDString = 62DB74CA305090680050D816;
			remoteInfo = Laci;
		};
		62DB74E33050906A0050D816 /* PBXContainerItemProxy */ = {
			isa = PBXContainerItemProxy;
			containerPortal = 62DB74C3305090680050D816 /* Project object */;
			proxyType = 1;
			remoteGlobalIDString = 62DB74CA305090680050D816;
			remoteInfo = Laci;
		};
/* End PBXContainerItemProxy section */

/* Begin PBXFileReference section */
		62DB74CB305090680050D816 /* Laci.app */ = {isa = PBXFileReference; explicitFileType = wrapper.application; includeInIndex = 0; path = Laci.app; sourceTree = BUILT_PRODUCTS_DIR; };
		62DB74D83050906A0050D816 /* LaciTests.xctest */ = {isa = PBXFileReference; explicitFileType = wrapper.cfbundle; includeInIndex = 0; path = LaciTests.xctest; sourceTree = BUILT_PRODUCTS_DIR; };
		62DB74E23050906A0050D816 /* LaciUITests.xctest */ = {isa = PBXFileReference; explicitFileType = wrapper.cfbundle; includeInIndex = 0; path = LaciUITests.xctest; sourceTree = BUILT_PRODUCTS_DIR; };
		62DB74F5305095E00050D816 /* Shared.xcconfig */ = {isa = PBXFileReference; lastKnownFileType = text.xcconfig; name = Shared.xcconfig; path = Config/Shared.xcconfig; sourceTree = "<group>"; };
/* End PBXFileReference section */

/* Begin PBXFileSystemSynchronizedRootGroup section */
		62DB74CD305090680050D816 /* Laci */ = {
			isa = PBXFileSystemSynchronizedRootGroup;
			path = Laci;
			sourceTree = "<group>";
		};
		62DB74DB3050906A0050D816 /* LaciTests */ = {
			isa = PBXFileSystemSynchronizedRootGroup;
			path = LaciTests;
			sourceTree = "<group>";
		};
		62DB74E53050906A0050D816 /* LaciUITests */ = {
			isa = PBXFileSystemSynchronizedRootGroup;
			path = LaciUITests;
			sourceTree = "<group>";
		};
/* End PBXFileSystemSynchronizedRootGroup section */

/* Begin PBXFrameworksBuildPhase section */
		62DB74C8305090680050D816 /* Frameworks */ = {
			isa = PBXFrameworksBuildPhase;
			buildActionMask = 2147483647;
			files = (
				62DB75293050FD760050D816 /* LaciMoney in Frameworks */,
				62DB752D3050FD800050D816 /* LaciCore in Frameworks */,
				62DB752B3050FD7C0050D816 /* LaciPrint in Frameworks */,
			);
			runOnlyForDeploymentPostprocessing = 0;
		};
		62DB74D53050906A0050D816 /* Frameworks */ = {
			isa = PBXFrameworksBuildPhase;
			buildActionMask = 2147483647;
			files = (
			);
			runOnlyForDeploymentPostprocessing = 0;
		};
		62DB74DF3050906A0050D816 /* Frameworks */ = {
			isa = PBXFrameworksBuildPhase;
			buildActionMask = 2147483647;
			files = (
			);
			runOnlyForDeploymentPostprocessing = 0;
		};
/* End PBXFrameworksBuildPhase section */

/* Begin PBXGroup section */
		62DB74C2305090680050D816 = {
			isa = PBXGroup;
			children = (
				62DB74F5305095E00050D816 /* Shared.xcconfig */,
				62DB74CD305090680050D816 /* Laci */,
				62DB74DB3050906A0050D816 /* LaciTests */,
				62DB74E53050906A0050D816 /* LaciUITests */,
				62DB75273050FD760050D816 /* Frameworks */,
				62DB74CC305090680050D816 /* Products */,
			);
			sourceTree = "<group>";
		};
		62DB74CC305090680050D816 /* Products */ = {
			isa = PBXGroup;
			children = (
				62DB74CB305090680050D816 /* Laci.app */,
				62DB74D83050906A0050D816 /* LaciTests.xctest */,
				62DB74E23050906A0050D816 /* LaciUITests.xctest */,
			);
			name = Products;
			sourceTree = "<group>";
		};
		62DB75273050FD760050D816 /* Frameworks */ = {
			isa = PBXGroup;
			children = (
			);
			name = Frameworks;
			sourceTree = "<group>";
		};
/* End PBXGroup section */

/* Begin PBXNativeTarget section */
		62DB74CA305090680050D816 /* Laci */ = {
			isa = PBXNativeTarget;
			buildConfigurationList = 62DB74EC3050906A0050D816 /* Build configuration list for PBXNativeTarget "Laci" */;
			buildPhases = (
				62DB74C7305090680050D816 /* Sources */,
				62DB752E3050FDA70050D816 /* SwiftLint */,
				62DB74C8305090680050D816 /* Frameworks */,
				62DB74C9305090680050D816 /* Resources */,
			);
			buildRules = (
			);
			dependencies = (
			);
			fileSystemSynchronizedGroups = (
				62DB74CD305090680050D816 /* Laci */,
			);
			name = Laci;
			packageProductDependencies = (
				62DB75283050FD760050D816 /* LaciMoney */,
				62DB752A3050FD7C0050D816 /* LaciPrint */,
				62DB752C3050FD800050D816 /* LaciCore */,
			);
			productName = Laci;
			productReference = 62DB74CB305090680050D816 /* Laci.app */;
			productType = "com.apple.product-type.application";
		};
		62DB74D73050906A0050D816 /* LaciTests */ = {
			isa = PBXNativeTarget;
			buildConfigurationList = 62DB74EF3050906A0050D816 /* Build configuration list for PBXNativeTarget "LaciTests" */;
			buildPhases = (
				62DB74D43050906A0050D816 /* Sources */,
				62DB74D53050906A0050D816 /* Frameworks */,
				62DB74D63050906A0050D816 /* Resources */,
			);
			buildRules = (
			);
			dependencies = (
				62DB74DA3050906A0050D816 /* PBXTargetDependency */,
			);
			fileSystemSynchronizedGroups = (
				62DB74DB3050906A0050D816 /* LaciTests */,
			);
			name = LaciTests;
			packageProductDependencies = (
			);
			productName = LaciTests;
			productReference = 62DB74D83050906A0050D816 /* LaciTests.xctest */;
			productType = "com.apple.product-type.bundle.unit-test";
		};
		62DB74E13050906A0050D816 /* LaciUITests */ = {
			isa = PBXNativeTarget;
			buildConfigurationList = 62DB74F23050906A0050D816 /* Build configuration list for PBXNativeTarget "LaciUITests" */;
			buildPhases = (
				62DB74DE3050906A0050D816 /* Sources */,
				62DB74DF3050906A0050D816 /* Frameworks */,
				62DB74E03050906A0050D816 /* Resources */,
			);
			buildRules = (
			);
			dependencies = (
				62DB74E43050906A0050D816 /* PBXTargetDependency */,
			);
			fileSystemSynchronizedGroups = (
				62DB74E53050906A0050D816 /* LaciUITests */,
			);
			name = LaciUITests;
			packageProductDependencies = (
			);
			productName = LaciUITests;
			productReference = 62DB74E23050906A0050D816 /* LaciUITests.xctest */;
			productType = "com.apple.product-type.bundle.ui-testing";
		};
/* End PBXNativeTarget section */

/* Begin PBXProject section */
		62DB74C3305090680050D816 /* Project object */ = {
			isa = PBXProject;
			attributes = {
				BuildIndependentTargetsInParallel = 1;
				LastSwiftUpdateCheck = 2660;
				LastUpgradeCheck = 2660;
				TargetAttributes = {
					62DB74CA305090680050D816 = {
						CreatedOnToolsVersion = 26.6;
					};
					62DB74D73050906A0050D816 = {
						CreatedOnToolsVersion = 26.6;
						TestTargetID = 62DB74CA305090680050D816;
					};
					62DB74E13050906A0050D816 = {
						CreatedOnToolsVersion = 26.6;
						TestTargetID = 62DB74CA305090680050D816;
					};
				};
			};
			buildConfigurationList = 62DB74C6305090680050D816 /* Build configuration list for PBXProject "Laci" */;
			developmentRegion = en;
			hasScannedForEncodings = 0;
			knownRegions = (
				en,
				Base,
			);
			mainGroup = 62DB74C2305090680050D816;
			minimizedProjectReferenceProxies = 1;
			packageReferences = (
				62DB75243050FC330050D816 /* XCLocalSwiftPackageReference "Packages/LaciMoney" */,
				62DB75253050FC470050D816 /* XCLocalSwiftPackageReference "Packages/LaciPrint" */,
				62DB75263050FC550050D816 /* XCLocalSwiftPackageReference "Packages/LaciCore" */,
			);
			preferredProjectObjectVersion = 77;
			productRefGroup = 62DB74CC305090680050D816 /* Products */;
			projectDirPath = "";
			projectRoot = "";
			targets = (
				62DB74CA305090680050D816 /* Laci */,
				62DB74D73050906A0050D816 /* LaciTests */,
				62DB74E13050906A0050D816 /* LaciUITests */,
			);
		};
/* End PBXProject section */

/* Begin PBXResourcesBuildPhase section */
		62DB74C9305090680050D816 /* Resources */ = {
			isa = PBXResourcesBuildPhase;
			buildActionMask = 2147483647;
			files = (
			);
			runOnlyForDeploymentPostprocessing = 0;
		};
		62DB74D63050906A0050D816 /* Resources */ = {
			isa = PBXResourcesBuildPhase;
			buildActionMask = 2147483647;
			files = (
			);
			runOnlyForDeploymentPostprocessing = 0;
		};
		62DB74E03050906A0050D816 /* Resources */ = {
			isa = PBXResourcesBuildPhase;
			buildActionMask = 2147483647;
			files = (
			);
			runOnlyForDeploymentPostprocessing = 0;
		};
/* End PBXResourcesBuildPhase section */

/* Begin PBXShellScriptBuildPhase section */
		62DB752E3050FDA70050D816 /* SwiftLint */ = {
			isa = PBXShellScriptBuildPhase;
			alwaysOutOfDate = 1;
			buildActionMask = 2147483647;
			files = (
			);
			inputFileListPaths = (
			);
			inputPaths = (
			);
			name = SwiftLint;
			outputFileListPaths = (
			);
			outputPaths = (
			);
			runOnlyForDeploymentPostprocessing = 0;
			shellPath = /bin/sh;
			shellScript = "# Type a script or drag a script file from your workspace to insert its path.\nexport PATH=\"/opt/homebrew/bin:/usr/local/bin:$PATH\"\nif command -v swiftlint >/dev/null 2>&1; then\n  cd \"$SRCROOT\" && swiftlint lint --config \"$SRCROOT/.swiftlint.yml\" --quiet\nelse\n  echo \"warning: SwiftLint not installed (brew install swiftlint); skipping lint\"\nfi\n";
		};
/* End PBXShellScriptBuildPhase section */

/* Begin PBXSourcesBuildPhase section */
		62DB74C7305090680050D816 /* Sources */ = {
			isa = PBXSourcesBuildPhase;
			buildActionMask = 2147483647;
			files = (
			);
			runOnlyForDeploymentPostprocessing = 0;
		};
		62DB74D43050906A0050D816 /* Sources */ = {
			isa = PBXSourcesBuildPhase;
			buildActionMask = 2147483647;
			files = (
			);
			runOnlyForDeploymentPostprocessing = 0;
		};
		62DB74DE3050906A0050D816 /* Sources */ = {
			isa = PBXSourcesBuildPhase;
			buildActionMask = 2147483647;
			files = (
			);
			runOnlyForDeploymentPostprocessing = 0;
		};
/* End PBXSourcesBuildPhase section */

/* Begin PBXTargetDependency section */
		62DB74DA3050906A0050D816 /* PBXTargetDependency */ = {
			isa = PBXTargetDependency;
			target = 62DB74CA305090680050D816 /* Laci */;
			targetProxy = 62DB74D93050906A0050D816 /* PBXContainerItemProxy */;
		};
		62DB74E43050906A0050D816 /* PBXTargetDependency */ = {
			isa = PBXTargetDependency;
			target = 62DB74CA305090680050D816 /* Laci */;
			targetProxy = 62DB74E33050906A0050D816 /* PBXContainerItemProxy */;
		};
/* End PBXTargetDependency section */

/* Begin XCBuildConfiguration section */
		62DB74EA3050906A0050D816 /* Debug */ = {
			isa = XCBuildConfiguration;
			baseConfigurationReference = 62DB74F5305095E00050D816 /* Shared.xcconfig */;
			buildSettings = {
				ALWAYS_SEARCH_USER_PATHS = NO;
				ASSETCATALOG_COMPILER_GENERATE_SWIFT_ASSET_SYMBOL_EXTENSIONS = YES;
				CLANG_ANALYZER_NONNULL = YES;
				CLANG_ANALYZER_NUMBER_OBJECT_CONVERSION = YES_AGGRESSIVE;
				CLANG_CXX_LANGUAGE_STANDARD = "gnu++20";
				CLANG_ENABLE_MODULES = YES;
				CLANG_ENABLE_OBJC_ARC = YES;
				CLANG_ENABLE_OBJC_WEAK = YES;
				CLANG_WARN_BLOCK_CAPTURE_AUTORELEASING = YES;
				CLANG_WARN_BOOL_CONVERSION = YES;
				CLANG_WARN_COMMA = YES;
				CLANG_WARN_CONSTANT_CONVERSION = YES;
				CLANG_WARN_DEPRECATED_OBJC_IMPLEMENTATIONS = YES;
				CLANG_WARN_DIRECT_OBJC_ISA_USAGE = YES_ERROR;
				CLANG_WARN_DOCUMENTATION_COMMENTS = YES;
				CLANG_WARN_EMPTY_BODY = YES;
				CLANG_WARN_ENUM_CONVERSION = YES;
				CLANG_WARN_INFINITE_RECURSION = YES;
				CLANG_WARN_INT_CONVERSION = YES;
				CLANG_WARN_NON_LITERAL_NULL_CONVERSION = YES;
				CLANG_WARN_OBJC_IMPLICIT_RETAIN_SELF = YES;
				CLANG_WARN_OBJC_LITERAL_CONVERSION = YES;
				CLANG_WARN_OBJC_ROOT_CLASS = YES_ERROR;
				CLANG_WARN_QUOTED_INCLUDE_IN_FRAMEWORK_HEADER = YES;
				CLANG_WARN_RANGE_LOOP_ANALYSIS = YES;
				CLANG_WARN_STRICT_PROTOTYPES = YES;
				CLANG_WARN_SUSPICIOUS_MOVE = YES;
				CLANG_WARN_UNGUARDED_AVAILABILITY = YES_AGGRESSIVE;
				CLANG_WARN_UNREACHABLE_CODE = YES;
				CLANG_WARN__DUPLICATE_METHOD_MATCH = YES;
				COPY_PHASE_STRIP = NO;
				DEBUG_INFORMATION_FORMAT = dwarf;
				DEVELOPMENT_TEAM = Y69W7C3PX5;
				ENABLE_STRICT_OBJC_MSGSEND = YES;
				ENABLE_TESTABILITY = YES;
				GCC_C_LANGUAGE_STANDARD = gnu17;
				GCC_DYNAMIC_NO_PIC = NO;
				GCC_NO_COMMON_BLOCKS = YES;
				GCC_OPTIMIZATION_LEVEL = 0;
				GCC_PREPROCESSOR_DEFINITIONS = (
					"DEBUG=1",
					"$(inherited)",
				);
				GCC_WARN_64_TO_32_BIT_CONVERSION = YES;
				GCC_WARN_ABOUT_RETURN_TYPE = YES_ERROR;
				GCC_WARN_UNDECLARED_SELECTOR = YES;
				GCC_WARN_UNINITIALIZED_AUTOS = YES_AGGRESSIVE;
				GCC_WARN_UNUSED_FUNCTION = YES;
				GCC_WARN_UNUSED_VARIABLE = YES;
				LOCALIZATION_PREFERS_STRING_CATALOGS = YES;
				MTL_ENABLE_DEBUG_INFO = INCLUDE_SOURCE;
				MTL_FAST_MATH = YES;
				ONLY_ACTIVE_ARCH = YES;
				SDKROOT = iphoneos;
				SWIFT_ACTIVE_COMPILATION_CONDITIONS = "DEBUG $(inherited)";
				SWIFT_OPTIMIZATION_LEVEL = "-Onone";
			};
			name = Debug;
		};
		62DB74EB3050906A0050D816 /* Release */ = {
			isa = XCBuildConfiguration;
			baseConfigurationReference = 62DB74F5305095E00050D816 /* Shared.xcconfig */;
			buildSettings = {
				ALWAYS_SEARCH_USER_PATHS = NO;
				ASSETCATALOG_COMPILER_GENERATE_SWIFT_ASSET_SYMBOL_EXTENSIONS = YES;
				CLANG_ANALYZER_NONNULL = YES;
				CLANG_ANALYZER_NUMBER_OBJECT_CONVERSION = YES_AGGRESSIVE;
				CLANG_CXX_LANGUAGE_STANDARD = "gnu++20";
				CLANG_ENABLE_MODULES = YES;
				CLANG_ENABLE_OBJC_ARC = YES;
				CLANG_ENABLE_OBJC_WEAK = YES;
				CLANG_WARN_BLOCK_CAPTURE_AUTORELEASING = YES;
				CLANG_WARN_BOOL_CONVERSION = YES;
				CLANG_WARN_COMMA = YES;
				CLANG_WARN_CONSTANT_CONVERSION = YES;
				CLANG_WARN_DEPRECATED_OBJC_IMPLEMENTATIONS = YES;
				CLANG_WARN_DIRECT_OBJC_ISA_USAGE = YES_ERROR;
				CLANG_WARN_DOCUMENTATION_COMMENTS = YES;
				CLANG_WARN_EMPTY_BODY = YES;
				CLANG_WARN_ENUM_CONVERSION = YES;
				CLANG_WARN_INFINITE_RECURSION = YES;
				CLANG_WARN_INT_CONVERSION = YES;
				CLANG_WARN_NON_LITERAL_NULL_CONVERSION = YES;
				CLANG_WARN_OBJC_IMPLICIT_RETAIN_SELF = YES;
				CLANG_WARN_OBJC_LITERAL_CONVERSION = YES;
				CLANG_WARN_OBJC_ROOT_CLASS = YES_ERROR;
				CLANG_WARN_QUOTED_INCLUDE_IN_FRAMEWORK_HEADER = YES;
				CLANG_WARN_RANGE_LOOP_ANALYSIS = YES;
				CLANG_WARN_STRICT_PROTOTYPES = YES;
				CLANG_WARN_SUSPICIOUS_MOVE = YES;
				CLANG_WARN_UNGUARDED_AVAILABILITY = YES_AGGRESSIVE;
				CLANG_WARN_UNREACHABLE_CODE = YES;
				CLANG_WARN__DUPLICATE_METHOD_MATCH = YES;
				COPY_PHASE_STRIP = NO;
				DEBUG_INFORMATION_FORMAT = "dwarf-with-dsym";
				DEVELOPMENT_TEAM = Y69W7C3PX5;
				ENABLE_NS_ASSERTIONS = NO;
				ENABLE_STRICT_OBJC_MSGSEND = YES;
				GCC_C_LANGUAGE_STANDARD = gnu17;
				GCC_NO_COMMON_BLOCKS = YES;
				GCC_WARN_64_TO_32_BIT_CONVERSION = YES;
				GCC_WARN_ABOUT_RETURN_TYPE = YES_ERROR;
				GCC_WARN_UNDECLARED_SELECTOR = YES;
				GCC_WARN_UNINITIALIZED_AUTOS = YES_AGGRESSIVE;
				GCC_WARN_UNUSED_FUNCTION = YES;
				GCC_WARN_UNUSED_VARIABLE = YES;
				LOCALIZATION_PREFERS_STRING_CATALOGS = YES;
				MTL_ENABLE_DEBUG_INFO = NO;
				MTL_FAST_MATH = YES;
				SDKROOT = iphoneos;
				SWIFT_COMPILATION_MODE = wholemodule;
				VALIDATE_PRODUCT = YES;
			};
			name = Release;
		};
		62DB74ED3050906A0050D816 /* Debug */ = {
			isa = XCBuildConfiguration;
			buildSettings = {
				ASSETCATALOG_COMPILER_APPICON_NAME = AppIcon;
				ASSETCATALOG_COMPILER_GLOBAL_ACCENT_COLOR_NAME = AccentColor;
				CODE_SIGN_STYLE = Automatic;
				CURRENT_PROJECT_VERSION = 1;
				DEVELOPMENT_TEAM = Y69W7C3PX5;
				ENABLE_PREVIEWS = YES;
				GENERATE_INFOPLIST_FILE = YES;
				INFOPLIST_KEY_UIApplicationSceneManifest_Generation = YES;
				INFOPLIST_KEY_UIApplicationSupportsIndirectInputEvents = YES;
				INFOPLIST_KEY_UILaunchScreen_Generation = YES;
				INFOPLIST_KEY_UISupportedInterfaceOrientations_iPad = "UIInterfaceOrientationPortrait UIInterfaceOrientationPortraitUpsideDown UIInterfaceOrientationLandscapeLeft UIInterfaceOrientationLandscapeRight";
				INFOPLIST_KEY_UISupportedInterfaceOrientations_iPhone = "UIInterfaceOrientationPortrait UIInterfaceOrientationLandscapeLeft UIInterfaceOrientationLandscapeRight";
				LD_RUNPATH_SEARCH_PATHS = (
					"$(inherited)",
					"@executable_path/Frameworks",
				);
				MARKETING_VERSION = 1.0;
				PRODUCT_BUNDLE_IDENTIFIER = id.Laci;
				PRODUCT_NAME = "$(TARGET_NAME)";
				STRING_CATALOG_GENERATE_SYMBOLS = YES;
				SWIFT_APPROACHABLE_CONCURRENCY = YES;
				SWIFT_DEFAULT_ACTOR_ISOLATION = MainActor;
				SWIFT_EMIT_LOC_STRINGS = YES;
				SWIFT_UPCOMING_FEATURE_MEMBER_IMPORT_VISIBILITY = YES;
			};
			name = Debug;
		};
		62DB74EE3050906A0050D816 /* Release */ = {
			isa = XCBuildConfiguration;
			buildSettings = {
				ASSETCATALOG_COMPILER_APPICON_NAME = AppIcon;
				ASSETCATALOG_COMPILER_GLOBAL_ACCENT_COLOR_NAME = AccentColor;
				CODE_SIGN_STYLE = Automatic;
				CURRENT_PROJECT_VERSION = 1;
				DEVELOPMENT_TEAM = Y69W7C3PX5;
				ENABLE_PREVIEWS = YES;
				GENERATE_INFOPLIST_FILE = YES;
				INFOPLIST_KEY_UIApplicationSceneManifest_Generation = YES;
				INFOPLIST_KEY_UIApplicationSupportsIndirectInputEvents = YES;
				INFOPLIST_KEY_UILaunchScreen_Generation = YES;
				INFOPLIST_KEY_UISupportedInterfaceOrientations_iPad = "UIInterfaceOrientationPortrait UIInterfaceOrientationPortraitUpsideDown UIInterfaceOrientationLandscapeLeft UIInterfaceOrientationLandscapeRight";
				INFOPLIST_KEY_UISupportedInterfaceOrientations_iPhone = "UIInterfaceOrientationPortrait UIInterfaceOrientationLandscapeLeft UIInterfaceOrientationLandscapeRight";
				LD_RUNPATH_SEARCH_PATHS = (
					"$(inherited)",
					"@executable_path/Frameworks",
				);
				MARKETING_VERSION = 1.0;
				PRODUCT_BUNDLE_IDENTIFIER = id.Laci;
				PRODUCT_NAME = "$(TARGET_NAME)";
				STRING_CATALOG_GENERATE_SYMBOLS = YES;
				SWIFT_APPROACHABLE_CONCURRENCY = YES;
				SWIFT_DEFAULT_ACTOR_ISOLATION = MainActor;
				SWIFT_EMIT_LOC_STRINGS = YES;
				SWIFT_UPCOMING_FEATURE_MEMBER_IMPORT_VISIBILITY = YES;
			};
			name = Release;
		};
		62DB74F03050906A0050D816 /* Debug */ = {
			isa = XCBuildConfiguration;
			buildSettings = {
				BUNDLE_LOADER = "$(TEST_HOST)";
				CODE_SIGN_STYLE = Automatic;
				CURRENT_PROJECT_VERSION = 1;
				DEVELOPMENT_TEAM = Y69W7C3PX5;
				GENERATE_INFOPLIST_FILE = YES;
				MARKETING_VERSION = 1.0;
				PRODUCT_BUNDLE_IDENTIFIER = id.LaciTests;
				PRODUCT_NAME = "$(TARGET_NAME)";
				STRING_CATALOG_GENERATE_SYMBOLS = NO;
				SWIFT_APPROACHABLE_CONCURRENCY = YES;
				SWIFT_EMIT_LOC_STRINGS = NO;
				SWIFT_UPCOMING_FEATURE_MEMBER_IMPORT_VISIBILITY = YES;
				TEST_HOST = "$(BUILT_PRODUCTS_DIR)/Laci.app/$(BUNDLE_EXECUTABLE_FOLDER_PATH)/Laci";
			};
			name = Debug;
		};
		62DB74F13050906A0050D816 /* Release */ = {
			isa = XCBuildConfiguration;
			buildSettings = {
				BUNDLE_LOADER = "$(TEST_HOST)";
				CODE_SIGN_STYLE = Automatic;
				CURRENT_PROJECT_VERSION = 1;
				DEVELOPMENT_TEAM = Y69W7C3PX5;
				GENERATE_INFOPLIST_FILE = YES;
				MARKETING_VERSION = 1.0;
				PRODUCT_BUNDLE_IDENTIFIER = id.LaciTests;
				PRODUCT_NAME = "$(TARGET_NAME)";
				STRING_CATALOG_GENERATE_SYMBOLS = NO;
				SWIFT_APPROACHABLE_CONCURRENCY = YES;
				SWIFT_EMIT_LOC_STRINGS = NO;
				SWIFT_UPCOMING_FEATURE_MEMBER_IMPORT_VISIBILITY = YES;
				TEST_HOST = "$(BUILT_PRODUCTS_DIR)/Laci.app/$(BUNDLE_EXECUTABLE_FOLDER_PATH)/Laci";
			};
			name = Release;
		};
		62DB74F33050906A0050D816 /* Debug */ = {
			isa = XCBuildConfiguration;
			buildSettings = {
				CODE_SIGN_STYLE = Automatic;
				CURRENT_PROJECT_VERSION = 1;
				DEVELOPMENT_TEAM = Y69W7C3PX5;
				GENERATE_INFOPLIST_FILE = YES;
				MARKETING_VERSION = 1.0;
				PRODUCT_BUNDLE_IDENTIFIER = id.LaciUITests;
				PRODUCT_NAME = "$(TARGET_NAME)";
				STRING_CATALOG_GENERATE_SYMBOLS = NO;
				SWIFT_APPROACHABLE_CONCURRENCY = YES;
				SWIFT_EMIT_LOC_STRINGS = NO;
				SWIFT_UPCOMING_FEATURE_MEMBER_IMPORT_VISIBILITY = YES;
				TEST_TARGET_NAME = Laci;
			};
			name = Debug;
		};
		62DB74F43050906A0050D816 /* Release */ = {
			isa = XCBuildConfiguration;
			buildSettings = {
				CODE_SIGN_STYLE = Automatic;
				CURRENT_PROJECT_VERSION = 1;
				DEVELOPMENT_TEAM = Y69W7C3PX5;
				GENERATE_INFOPLIST_FILE = YES;
				MARKETING_VERSION = 1.0;
				PRODUCT_BUNDLE_IDENTIFIER = id.LaciUITests;
				PRODUCT_NAME = "$(TARGET_NAME)";
				STRING_CATALOG_GENERATE_SYMBOLS = NO;
				SWIFT_APPROACHABLE_CONCURRENCY = YES;
				SWIFT_EMIT_LOC_STRINGS = NO;
				SWIFT_UPCOMING_FEATURE_MEMBER_IMPORT_VISIBILITY = YES;
				TEST_TARGET_NAME = Laci;
			};
			name = Release;
		};
/* End XCBuildConfiguration section */

/* Begin XCConfigurationList section */
		62DB74C6305090680050D816 /* Build configuration list for PBXProject "Laci" */ = {
			isa = XCConfigurationList;
			buildConfigurations = (
				62DB74EA3050906A0050D816 /* Debug */,
				62DB74EB3050906A0050D816 /* Release */,
			);
			defaultConfigurationIsVisible = 0;
			defaultConfigurationName = Release;
		};
		62DB74EC3050906A0050D816 /* Build configuration list for PBXNativeTarget "Laci" */ = {
			isa = XCConfigurationList;
			buildConfigurations = (
				62DB74ED3050906A0050D816 /* Debug */,
				62DB74EE3050906A0050D816 /* Release */,
			);
			defaultConfigurationIsVisible = 0;
			defaultConfigurationName = Release;
		};
		62DB74EF3050906A0050D816 /* Build configuration list for PBXNativeTarget "LaciTests" */ = {
			isa = XCConfigurationList;
			buildConfigurations = (
				62DB74F03050906A0050D816 /* Debug */,
				62DB74F13050906A0050D816 /* Release */,
			);
			defaultConfigurationIsVisible = 0;
			defaultConfigurationName = Release;
		};
		62DB74F23050906A0050D816 /* Build configuration list for PBXNativeTarget "LaciUITests" */ = {
			isa = XCConfigurationList;
			buildConfigurations = (
				62DB74F33050906A0050D816 /* Debug */,
				62DB74F43050906A0050D816 /* Release */,
			);
			defaultConfigurationIsVisible = 0;
			defaultConfigurationName = Release;
		};
/* End XCConfigurationList section */

/* Begin XCLocalSwiftPackageReference section */
		62DB75243050FC330050D816 /* XCLocalSwiftPackageReference "Packages/LaciMoney" */ = {
			isa = XCLocalSwiftPackageReference;
			relativePath = Packages/LaciMoney;
		};
		62DB75253050FC470050D816 /* XCLocalSwiftPackageReference "Packages/LaciPrint" */ = {
			isa = XCLocalSwiftPackageReference;
			relativePath = Packages/LaciPrint;
		};
		62DB75263050FC550050D816 /* XCLocalSwiftPackageReference "Packages/LaciCore" */ = {
			isa = XCLocalSwiftPackageReference;
			relativePath = Packages/LaciCore;
		};
/* End XCLocalSwiftPackageReference section */

/* Begin XCSwiftPackageProductDependency section */
		62DB75283050FD760050D816 /* LaciMoney */ = {
			isa = XCSwiftPackageProductDependency;
			package = 62DB75243050FC330050D816 /* XCLocalSwiftPackageReference "Packages/LaciMoney" */;
			productName = LaciMoney;
		};
		62DB752A3050FD7C0050D816 /* LaciPrint */ = {
			isa = XCSwiftPackageProductDependency;
			package = 62DB75253050FC470050D816 /* XCLocalSwiftPackageReference "Packages/LaciPrint" */;
			productName = LaciPrint;
		};
		62DB752C3050FD800050D816 /* LaciCore */ = {
			isa = XCSwiftPackageProductDependency;
			package = 62DB75263050FC550050D816 /* XCLocalSwiftPackageReference "Packages/LaciCore" */;
			productName = LaciCore;
		};
/* End XCSwiftPackageProductDependency section */
	};
	rootObject = 62DB74C3305090680050D816 /* Project object */;
}
